
Microsoft Visual Studio Solution File, Format Version 12.00
# Visual Studio Version 17
VisualStudioVersion = 17.0.32014.148
MinimumVisualStudioVersion = 10.0.40219.1
Project("{FAE04EC0-301F-11D3-BF4B-00C04F79EFBC}") = "vlko.core", "vlko.core\vlko.core.csproj", "{1C4AF4A0-C399-4090-AEAB-0FB18E3181B8}"
EndProject
Project("{FAE04EC0-301F-11D3-BF4B-00C04F79EFBC}") = "vlko.core.Tests", "vlko.core.Tests\vlko.core.Tests.csproj", "{26AE4C58-C5D8-4F44-8479-E2E250AF88F0}"
EndProject
Project("{FAE04EC0-301F-11D3-BF4B-00C04F79EFBC}") = "vlko.core.RavenDB", "vlko.core.RavenDB\vlko.core.RavenDB.csproj", "{C354C632-E30B-480A-A2F3-4D1D573DB71B}"
EndProject
Global
	GlobalSection(SolutionConfigurationPlatforms) = preSolution
		Debug|Any CPU = Debug|Any CPU
		Release|Any CPU = Release|Any CPU
	EndGlobalSection
	GlobalSection(ProjectConfigurationPlatforms) = postSolution
		{1C4AF4A0-C399-4090-AEAB-0FB18E3181B8}.Debug|Any CPU.ActiveCfg = Debug|Any CPU
		{1C4AF4A0-C399-4090-AEAB-0FB18E3181B8}.Debug|Any CPU.Build.0 = Debug|Any CPU
		{1C4AF4A0-C399-4090-AEAB-0FB18E3181B8}.Release|Any CPU.ActiveCfg = Release|Any CPU
		{1C4AF4A0-C399-4090-AEAB-0FB18E3181B8}.Release|Any CPU.Build.0 = Release|Any CPU
		{26AE4C58-C5D8-4F44-8479-E2E250AF88F0}.Debug|Any CPU.ActiveCfg = Debug|Any CPU
		{26AE4C58-C5D8-4F44-8479-E2E250AF88F0}.Debug|Any CPU.Build.0 = Debug|Any CPU
		{26AE4C58-C5D8-4F44-8479-E2E250AF88F0}.Release|Any CPU.ActiveCfg = Release|Any CPU
		{26AE4C58-C5D8-4F44-8479-E2E250AF88F0}.Release|Any CPU.Build.0 = Release|Any CPU
		{C354C632-E30B-480A-A2F3-4D1D573DB71B}.Debug|Any CPU.ActiveCfg = Debug|Any CPU
		{C354C632-E30B-480A-A2F3-4D1D573DB71B}.Debug|Any CPU.Build.0 = Debug|Any CPU
		{C354C632-E30B-480A-A2F3-4D1D573DB71B}.Release|Any CPU.ActiveCfg = Release|Any CPU
		{C354C632-E30B-480A-A2F3-4D1D573DB71B}.Release|Any CPU.Build.0 = Release|Any CPU
	EndGlobalSection
	GlobalSection(SolutionProperties) = preSolution
		HideSolutionNode = FALSE
	EndGlobalSection
	GlobalSection(ExtensibilityGlobals) = postSolution
		SolutionGuid = {FB655929-C61B-488B-A64E-961479F934B3}
	EndGlobalSection
	GlobalSection(TestCaseManagementSettings) = postSolution
		CategoryFile = vlko2.vsmdi
	EndGlobalSection
EndGlobal
